// !$*UTF8*$!
{
	archiveVersion = 1;
	classes = {
	};
	objectVersion = 46;
	objects = {

/* Begin PBXBuildFile section */
		D30296F362EB3FF4C04A3B16 /* Pods_Snapstayak.framework in Frameworks */ = {isa = PBXBuildFile; fileRef = 5D1910FD0D9337AC4AD04E46 /* Pods_Snapstayak.framework */; };
		D51A02371EB061BE00183336 /* PostsViewController.swift in Sources */ = {isa = PBXBuildFile; fileRef = D51A02361EB061BE00183336 /* PostsViewController.swift */; };
		D51EA3181EA843880046AB48 /* AppDelegate.swift in Sources */ = {isa = PBXBuildFile; fileRef = D51EA3171EA843880046AB48 /* AppDelegate.swift */; };
		D51EA31D1EA843880046AB48 /* Main.storyboard in Resources */ = {isa = PBXBuildFile; fileRef = D51EA31B1EA843880046AB48 /* Main.storyboard */; };
		D51EA31F1EA843880046AB48 /* Assets.xcassets in Resources */ = {isa = PBXBuildFile; fileRef = D51EA31E1EA843880046AB48 /* Assets.xcassets */; };
		D51EA3221EA843880046AB48 /* LaunchScreen.storyboard in Resources */ = {isa = PBXBuildFile; fileRef = D51EA3201EA843880046AB48 /* LaunchScreen.storyboard */; };
		D553B9F41EAEFC1000D480FF /* CameraViewController.swift in Sources */ = {isa = PBXBuildFile; fileRef = D553B9F31EAEFC1000D480FF /* CameraViewController.swift */; };
		D553B9F61EAF050900D480FF /* RecordButton.swift in Sources */ = {isa = PBXBuildFile; fileRef = D553B9F51EAF050900D480FF /* RecordButton.swift */; };
		D5A992FE1EB02C5B00494505 /* SwipeEmbeddedViewController.swift in Sources */ = {isa = PBXBuildFile; fileRef = D5A992FD1EB02C5B00494505 /* SwipeEmbeddedViewController.swift */; };
		D5E9B4101EB087FE002F02CF /* CapturedMediaPreviewViewController.swift in Sources */ = {isa = PBXBuildFile; fileRef = D5E9B40F1EB087FE002F02CF /* CapturedMediaPreviewViewController.swift */; };
		D5E9B4121EB08AD4002F02CF /* CapturedImagePreviewViewController.swift in Sources */ = {isa = PBXBuildFile; fileRef = D5E9B4111EB08AD4002F02CF /* CapturedImagePreviewViewController.swift */; };
		D5FB487B1EB1CB5B00BDF6F8 /* CapturedVideoPreviewViewController.swift in Sources */ = {isa = PBXBuildFile; fileRef = D5FB487A1EB1CB5B00BDF6F8 /* CapturedVideoPreviewViewController.swift */; };
/* End PBXBuildFile section */

/* Begin PBXFileReference section */
		10EA2CB24D5AA9A4A75A96E0 /* Pods-Snapstayak.release.xcconfig */ = {isa = PBXFileReference; includeInIndex = 1; lastKnownFileType = text.xcconfig; name = "Pods-Snapstayak.release.xcconfig"; path = "Pods/Target Support Files/Pods-Snapstayak/Pods-Snapstayak.release.xcconfig"; sourceTree = "<group>"; };
		57DF554411E56E3F82A3A3EA /* Pods-Snapstayak.debug.xcconfig */ = {isa = PBXFileReference; includeInIndex = 1; lastKnownFileType = text.xcconfig; name = "Pods-Snapstayak.debug.xcconfig"; path = "Pods/Target Support Files/Pods-Snapstayak/Pods-Snapstayak.debug.xcconfig"; sourceTree = "<group>"; };
		5D1910FD0D9337AC4AD04E46 /* Pods_Snapstayak.framework */ = {isa = PBXFileReference; explicitFileType = wrapper.framework; includeInIndex = 0; path = Pods_Snapstayak.framework; sourceTree = BUILT_PRODUCTS_DIR; };
		D51A02361EB061BE00183336 /* PostsViewController.swift */ = {isa = PBXFileReference; fileEncoding = 4; lastKnownFileType = sourcecode.swift; path = PostsViewController.swift; sourceTree = "<group>"; };
		D51EA3141EA843880046AB48 /* Snapstayak.app */ = {isa = PBXFileReference; explicitFileType = wrapper.application; includeInIndex = 0; path = Snapstayak.app; sourceTree = BUILT_PRODUCTS_DIR; };
		D51EA3171EA843880046AB48 /* AppDelegate.swift */ = {isa = PBXFileReference; lastKnownFileType = sourcecode.swift; path = AppDelegate.swift; sourceTree = "<group>"; };
		D51EA31C1EA843880046AB48 /* Base */ = {isa = PBXFileReference; lastKnownFileType = file.storyboard; name = Base; path = Base.lproj/Main.storyboard; sourceTree = "<group>"; };
		D51EA31E1EA843880046AB48 /* Assets.xcassets */ = {isa = PBXFileReference; lastKnownFileType = folder.assetcatalog; path = Assets.xcassets; sourceTree = "<group>"; };
		D51EA3211EA843880046AB48 /* Base */ = {isa = PBXFileReference; lastKnownFileType = file.storyboard; name = Base; path = Base.lproj/LaunchScreen.storyboard; sourceTree = "<group>"; };
		D51EA3231EA843880046AB48 /* Info.plist */ = {isa = PBXFileReference; lastKnownFileType = text.plist.xml; path = Info.plist; sourceTree = "<group>"; };
		D553B9F31EAEFC1000D480FF /* CameraViewController.swift */ = {isa = PBXFileReference; fileEncoding = 4; lastKnownFileType = sourcecode.swift; path = CameraViewController.swift; sourceTree = "<group>"; };
		D553B9F51EAF050900D480FF /* RecordButton.swift */ = {isa = PBXFileReference; fileEncoding = 4; lastKnownFileType = sourcecode.swift; path = RecordButton.swift; sourceTree = "<group>"; };
		D5A992FD1EB02C5B00494505 /* SwipeEmbeddedViewController.swift */ = {isa = PBXFileReference; fileEncoding = 4; lastKnownFileType = sourcecode.swift; path = SwipeEmbeddedViewController.swift; sourceTree = "<group>"; };
		D5E9B40F1EB087FE002F02CF /* CapturedMediaPreviewViewController.swift */ = {isa = PBXFileReference; fileEncoding = 4; lastKnownFileType = sourcecode.swift; path = CapturedMediaPreviewViewController.swift; sourceTree = "<group>"; };
		D5E9B4111EB08AD4002F02CF /* CapturedImagePreviewViewController.swift */ = {isa = PBXFileReference; fileEncoding = 4; lastKnownFileType = sourcecode.swift; path = CapturedImagePreviewViewController.swift; sourceTree = "<group>"; };
		D5FB487A1EB1CB5B00BDF6F8 /* CapturedVideoPreviewViewController.swift */ = {isa = PBXFileReference; fileEncoding = 4; lastKnownFileType = sourcecode.swift; path = CapturedVideoPreviewViewController.swift; sourceTree = "<group>"; };
/* End PBXFileReference section */

/* Begin PBXFrameworksBuildPhase section */
		D51EA3111EA843880046AB48 /* Frameworks */ = {
			isa = PBXFrameworksBuildPhase;
			buildActionMask = 2147483647;
			files = (
				D30296F362EB3FF4C04A3B16 /* Pods_Snapstayak.framework in Frameworks */,
			);
			runOnlyForDeploymentPostprocessing = 0;
		};
/* End PBXFrameworksBuildPhase section */

/* Begin PBXGroup section */
		0BADD6207363EBD317421C08 /* Pods */ = {
			isa = PBXGroup;
			children = (
				57DF554411E56E3F82A3A3EA /* Pods-Snapstayak.debug.xcconfig */,
				10EA2CB24D5AA9A4A75A96E0 /* Pods-Snapstayak.release.xcconfig */,
			);
			name = Pods;
			sourceTree = "<group>";
		};
		A9FCCA06D99EACF629495EAC /* Frameworks */ = {
			isa = PBXGroup;
			children = (
				5D1910FD0D9337AC4AD04E46 /* Pods_Snapstayak.framework */,
			);
			name = Frameworks;
			sourceTree = "<group>";
		};
		D51A02351EB0618500183336 /* Swipe View Controllers */ = {
			isa = PBXGroup;
			children = (
				D5A992FD1EB02C5B00494505 /* SwipeEmbeddedViewController.swift */,
				D553B9F31EAEFC1000D480FF /* CameraViewController.swift */,
				D51A02361EB061BE00183336 /* PostsViewController.swift */,
				D5E9B40F1EB087FE002F02CF /* CapturedMediaPreviewViewController.swift */,
				D5E9B4111EB08AD4002F02CF /* CapturedImagePreviewViewController.swift */,
				D5FB487A1EB1CB5B00BDF6F8 /* CapturedVideoPreviewViewController.swift */,
			);
			name = "Swipe View Controllers";
			sourceTree = "<group>";
		};
		D51EA30B1EA843870046AB48 = {
			isa = PBXGroup;
			children = (
				D51EA3161EA843880046AB48 /* Snapstayak */,
				D51EA3151EA843880046AB48 /* Products */,
				0BADD6207363EBD317421C08 /* Pods */,
				A9FCCA06D99EACF629495EAC /* Frameworks */,
			);
			sourceTree = "<group>";
		};
		D51EA3151EA843880046AB48 /* Products */ = {
			isa = PBXGroup;
			children = (
				D51EA3141EA843880046AB48 /* Snapstayak.app */,
			);
			name = Products;
			sourceTree = "<group>";
		};
		D51EA3161EA843880046AB48 /* Snapstayak */ = {
			isa = PBXGroup;
			children = (
				D51EA3171EA843880046AB48 /* AppDelegate.swift */,
				D5ACC1E11EAF29970074E221 /* UI */,
				D51EA31E1EA843880046AB48 /* Assets.xcassets */,
				D51EA3231EA843880046AB48 /* Info.plist */,
			);
			path = Snapstayak;
			sourceTree = "<group>";
		};
		D5ACC1E11EAF29970074E221 /* UI */ = {
			isa = PBXGroup;
			children = (
				D51EA31B1EA843880046AB48 /* Main.storyboard */,
				D51EA3201EA843880046AB48 /* LaunchScreen.storyboard */,
				D5ACC1E41EAF29AA0074E221 /* View Controllers */,
				D5ACC1E21EAF299C0074E221 /* Views */,
			);
			name = UI;
			sourceTree = "<group>";
		};
		D5ACC1E21EAF299C0074E221 /* Views */ = {
			isa = PBXGroup;
			children = (
				D553B9F51EAF050900D480FF /* RecordButton.swift */,
			);
			name = Views;
			sourceTree = "<group>";
		};
		D5ACC1E41EAF29AA0074E221 /* View Controllers */ = {
			isa = PBXGroup;
			children = (
				D51A02351EB0618500183336 /* Swipe View Controllers */,
			);
			name = "View Controllers";
			sourceTree = "<group>";
		};
/* End PBXGroup section */

/* Begin PBXNativeTarget section */
		D51EA3131EA843880046AB48 /* Snapstayak */ = {
			isa = PBXNativeTarget;
			buildConfigurationList = D51EA3261EA843880046AB48 /* Build configuration list for PBXNativeTarget "Snapstayak" */;
			buildPhases = (
				4B839A2E032D89F341A92D20 /* [CP] Check Pods Manifest.lock */,
				D51EA3101EA843880046AB48 /* Sources */,
				D51EA3111EA843880046AB48 /* Frameworks */,
				D51EA3121EA843880046AB48 /* Resources */,
				05CEB5F8E5837B13886A6001 /* [CP] Embed Pods Frameworks */,
				392FA8F56B23D6C33691C599 /* [CP] Copy Pods Resources */,
			);
			buildRules = (
			);
			dependencies = (
			);
			name = Snapstayak;
			productName = Snapstayak;
			productReference = D51EA3141EA843880046AB48 /* Snapstayak.app */;
			productType = "com.apple.product-type.application";
		};
/* End PBXNativeTarget section */

/* Begin PBXProject section */
		D51EA30C1EA843880046AB48 /* Project object */ = {
			isa = PBXProject;
			attributes = {
				LastSwiftUpdateCheck = 0830;
				LastUpgradeCheck = 0830;
				ORGANIZATIONNAME = Snapstayak;
				TargetAttributes = {
					D51EA3131EA843880046AB48 = {
						CreatedOnToolsVersion = 8.3;
						DevelopmentTeam = 3QT27T2PJ3;
						ProvisioningStyle = Automatic;
					};
				};
			};
			buildConfigurationList = D51EA30F1EA843880046AB48 /* Build configuration list for PBXProject "Snapstayak" */;
			compatibilityVersion = "Xcode 3.2";
			developmentRegion = English;
			hasScannedForEncodings = 0;
			knownRegions = (
				en,
				Base,
			);
			mainGroup = D51EA30B1EA843870046AB48;
			productRefGroup = D51EA3151EA843880046AB48 /* Products */;
			projectDirPath = "";
			projectRoot = "";
			targets = (
				D51EA3131EA843880046AB48 /* Snapstayak */,
			);
		};
/* End PBXProject section */

/* Begin PBXResourcesBuildPhase section */
		D51EA3121EA843880046AB48 /* Resources */ = {
			isa = PBXResourcesBuildPhase;
			buildActionMask = 2147483647;
			files = (
				D51EA3221EA843880046AB48 /* LaunchScreen.storyboard in Resources */,
				D51EA31F1EA843880046AB48 /* Assets.xcassets in Resources */,
				D51EA31D1EA843880046AB48 /* Main.storyboard in Resources */,
			);
			runOnlyForDeploymentPostprocessing = 0;
		};
/* End PBXResourcesBuildPhase section */

/* Begin PBXShellScriptBuildPhase section */
		05CEB5F8E5837B13886A6001 /* [CP] Embed Pods Frameworks */ = {
			isa = PBXShellScriptBuildPhase;
			buildActionMask = 2147483647;
			files = (
			);
			inputPaths = (
			);
			name = "[CP] Embed Pods Frameworks";
			outputPaths = (
			);
			runOnlyForDeploymentPostprocessing = 0;
			shellPath = /bin/sh;
			shellScript = "\"${SRCROOT}/Pods/Target Support Files/Pods-Snapstayak/Pods-Snapstayak-frameworks.sh\"\n";
			showEnvVarsInLog = 0;
		};
		392FA8F56B23D6C33691C599 /* [CP] Copy Pods Resources */ = {
			isa = PBXShellScriptBuildPhase;
			buildActionMask = 2147483647;
			files = (
			);
			inputPaths = (
			);
			name = "[CP] Copy Pods Resources";
			outputPaths = (
			);
			runOnlyForDeploymentPostprocessing = 0;
			shellPath = /bin/sh;
			shellScript = "\"${SRCROOT}/Pods/Target Support Files/Pods-Snapstayak/Pods-Snapstayak-resources.sh\"\n";
			showEnvVarsInLog = 0;
		};
		4B839A2E032D89F341A92D20 /* [CP] Check Pods Manifest.lock */ = {
			isa = PBXShellScriptBuildPhase;
			buildActionMask = 2147483647;
			files = (
			);
			inputPaths = (
			);
			name = "[CP] Check Pods Manifest.lock";
			outputPaths = (
			);
			runOnlyForDeploymentPostprocessing = 0;
			shellPath = /bin/sh;
			shellScript = "diff \"${PODS_ROOT}/../Podfile.lock\" \"${PODS_ROOT}/Manifest.lock\" > /dev/null\nif [ $? != 0 ] ; then\n    # print error to STDERR\n    echo \"error: The sandbox is not in sync with the Podfile.lock. Run 'pod install' or update your CocoaPods installation.\" >&2\n    exit 1\nfi\n";
			showEnvVarsInLog = 0;
		};
/* End PBXShellScriptBuildPhase section */

/* Begin PBXSourcesBuildPhase section */
		D51EA3101EA843880046AB48 /* Sources */ = {
			isa = PBXSourcesBuildPhase;
			buildActionMask = 2147483647;
			files = (
				D5E9B4101EB087FE002F02CF /* CapturedMediaPreviewViewController.swift in Sources */,
				D51EA3181EA843880046AB48 /* AppDelegate.swift in Sources */,
				D5E9B4121EB08AD4002F02CF /* CapturedImagePreviewViewController.swift in Sources */,
				D5FB487B1EB1CB5B00BDF6F8 /* CapturedVideoPreviewViewController.swift in Sources */,
				D5A992FE1EB02C5B00494505 /* SwipeEmbeddedViewController.swift in Sources */,
				D553B9F61EAF050900D480FF /* RecordButton.swift in Sources */,
				D553B9F41EAEFC1000D480FF /* CameraViewController.swift in Sources */,
				D51A02371EB061BE00183336 /* PostsViewController.swift in Sources */,
			);
			runOnlyForDeploymentPostprocessing = 0;
		};
/* End PBXSourcesBuildPhase section */

/* Begin PBXVariantGroup section */
		D51EA31B1EA843880046AB48 /* Main.storyboard */ = {
			isa = PBXVariantGroup;
			children = (
				D51EA31C1EA843880046AB48 /* Base */,
			);
			name = Main.storyboard;
			sourceTree = "<group>";
		};
		D51EA3201EA843880046AB48 /* LaunchScreen.storyboard */ = {
			isa = PBXVariantGroup;
			children = (
				D51EA3211EA843880046AB48 /* Base */,
			);
			name = LaunchScreen.storyboard;
			sourceTree = "<group>";
		};
/* End PBXVariantGroup section */

/* Begin XCBuildConfiguration section */
		D51EA3241EA843880046AB48 /* Debug */ = {
			isa = XCBuildConfiguration;
			buildSettings = {
				ALWAYS_SEARCH_USER_PATHS = NO;
				CLANG_ANALYZER_NONNULL = YES;
				CLANG_ANALYZER_NUMBER_OBJECT_CONVERSION = YES_AGGRESSIVE;
				CLANG_CXX_LANGUAGE_STANDARD = "gnu++0x";
				CLANG_CXX_LIBRARY = "libc++";
				CLANG_ENABLE_MODULES = YES;
				CLANG_ENABLE_OBJC_ARC = YES;
				CLANG_WARN_BOOL_CONVERSION = YES;
				CLANG_WARN_CONSTANT_CONVERSION = YES;
				CLANG_WARN_DIRECT_OBJC_ISA_USAGE = YES_ERROR;
				CLANG_WARN_DOCUMENTATION_COMMENTS = YES;
				CLANG_WARN_EMPTY_BODY = YES;
				CLANG_WARN_ENUM_CONVERSION = YES;
				CLANG_WARN_INFINITE_RECURSION = YES;
				CLANG_WARN_INT_CONVERSION = YES;
				CLANG_WARN_OBJC_ROOT_CLASS = YES_ERROR;
				CLANG_WARN_SUSPICIOUS_MOVE = YES;
				CLANG_WARN_UNREACHABLE_CODE = YES;
				CLANG_WARN__DUPLICATE_METHOD_MATCH = YES;
				"CODE_SIGN_IDENTITY[sdk=iphoneos*]" = "iPhone Developer";
				COPY_PHASE_STRIP = NO;
				DEBUG_INFORMATION_FORMAT = dwarf;
				ENABLE_STRICT_OBJC_MSGSEND = YES;
				ENABLE_TESTABILITY = YES;
				GCC_C_LANGUAGE_STANDARD = gnu99;
				GCC_DYNAMIC_NO_PIC = NO;
				GCC_NO_COMMON_BLOCKS = YES;
				GCC_OPTIMIZATION_LEVEL = 0;
				GCC_PREPROCESSOR_DEFINITIONS = (
					"DEBUG=1",
					"$(inherited)",
				);
				GCC_WARN_64_TO_32_BIT_CONVERSION = YES;
				GCC_WARN_ABOUT_RETURN_TYPE = YES_ERROR;
				GCC_WARN_UNDECLARED_SELECTOR = YES;
				GCC_WARN_UNINITIALIZED_AUTOS = YES_AGGRESSIVE;
				GCC_WARN_UNUSED_FUNCTION = YES;
				GCC_WARN_UNUSED_VARIABLE = YES;
				IPHONEOS_DEPLOYMENT_TARGET = 10.3;
				MTL_ENABLE_DEBUG_INFO = YES;
				ONLY_ACTIVE_ARCH = YES;
				SDKROOT = iphoneos;
				SWIFT_ACTIVE_COMPILATION_CONDITIONS = DEBUG;
				SWIFT_OPTIMIZATION_LEVEL = "-Onone";
			};
			name = Debug;
		};
		D51EA3251EA843880046AB48 /* Release */ = {
			isa = XCBuildConfiguration;
			buildSettings = {
				ALWAYS_SEARCH_USER_PATHS = NO;
				CLANG_ANALYZER_NONNULL = YES;
				CLANG_ANALYZER_NUMBER_OBJECT_CONVERSION = YES_AGGRESSIVE;
				CLANG_CXX_LANGUAGE_STANDARD = "gnu++0x";
				CLANG_CXX_LIBRARY = "libc++";
				CLANG_ENABLE_MODULES = YES;
				CLANG_ENABLE_OBJC_ARC = YES;
				CLANG_WARN_BOOL_CONVERSION = YES;
				CLANG_WARN_CONSTANT_CONVERSION = YES;
				CLANG_WARN_DIRECT_OBJC_ISA_USAGE = YES_ERROR;
				CLANG_WARN_DOCUMENTATION_COMMENTS = YES;
				CLANG_WARN_EMPTY_BODY = YES;
				CLANG_WARN_ENUM_CONVERSION = YES;
				CLANG_WARN_INFINITE_RECURSION = YES;
				CLANG_WARN_INT_CONVERSION = YES;
				CLANG_WARN_OBJC_ROOT_CLASS = YES_ERROR;
				CLANG_WARN_SUSPICIOUS_MOVE = YES;
				CLANG_WARN_UNREACHABLE_CODE = YES;
				CLANG_WARN__DUPLICATE_METHOD_MATCH = YES;
				"CODE_SIGN_IDENTITY[sdk=iphoneos*]" = "iPhone Developer";
				COPY_PHASE_STRIP = NO;
				DEBUG_INFORMATION_FORMAT = "dwarf-with-dsym";
				ENABLE_NS_ASSERTIONS = NO;
				ENABLE_STRICT_OBJC_MSGSEND = YES;
				GCC_C_LANGUAGE_STANDARD = gnu99;
				GCC_NO_COMMON_BLOCKS = YES;
				GCC_WARN_64_TO_32_BIT_CONVERSION = YES;
				GCC_WARN_ABOUT_RETURN_TYPE = YES_ERROR;
				GCC_WARN_UNDECLARED_SELECTOR = YES;
				GCC_WARN_UNINITIALIZED_AUTOS = YES_AGGRESSIVE;
				GCC_WARN_UNUSED_FUNCTION = YES;
				GCC_WARN_UNUSED_VARIABLE = YES;
				IPHONEOS_DEPLOYMENT_TARGET = 10.3;
				MTL_ENABLE_DEBUG_INFO = NO;
				SDKROOT = iphoneos;
				SWIFT_OPTIMIZATION_LEVEL = "-Owholemodule";
				VALIDATE_PRODUCT = YES;
			};
			name = Release;
		};
		D51EA3271EA843880046AB48 /* Debug */ = {
			isa = XCBuildConfiguration;
			baseConfigurationReference = 57DF554411E56E3F82A3A3EA /* Pods-Snapstayak.debug.xcconfig */;
			buildSettings = {
				ASSETCATALOG_COMPILER_APPICON_NAME = AppIcon;
				DEVELOPMENT_TEAM = 3QT27T2PJ3;
				INFOPLIST_FILE = Snapstayak/Info.plist;
				LD_RUNPATH_SEARCH_PATHS = "$(inherited) @executable_path/Frameworks";
				PRODUCT_BUNDLE_IDENTIFIER = com.snapstayak.Snapstayak;
				PRODUCT_NAME = "$(TARGET_NAME)";
				SWIFT_VERSION = 3.0;
			};
			name = Debug;
		};
		D51EA3281EA843880046AB48 /* Release */ = {
			isa = XCBuildConfiguration;
			baseConfigurationReference = 10EA2CB24D5AA9A4A75A96E0 /* Pods-Snapstayak.release.xcconfig */;
			buildSettings = {
				ASSETCATALOG_COMPILER_APPICON_NAME = AppIcon;
				DEVELOPMENT_TEAM = 3QT27T2PJ3;
				INFOPLIST_FILE = Snapstayak/Info.plist;
				LD_RUNPATH_SEARCH_PATHS = "$(inherited) @executable_path/Frameworks";
				PRODUCT_BUNDLE_IDENTIFIER = com.snapstayak.Snapstayak;
				PRODUCT_NAME = "$(TARGET_NAME)";
				SWIFT_VERSION = 3.0;
			};
			name = Release;
		};
/* End XCBuildConfiguration section */

/* Begin XCConfigurationList section */
		D51EA30F1EA843880046AB48 /* Build configuration list for PBXProject "Snapstayak" */ = {
			isa = XCConfigurationList;
			buildConfigurations = (
				D51EA3241EA843880046AB48 /* Debug */,
				D51EA3251EA843880046AB48 /* Release */,
			);
			defaultConfigurationIsVisible = 0;
			defaultConfigurationName = Release;
		};
		D51EA3261EA843880046AB48 /* Build configuration list for PBXNativeTarget "Snapstayak" */ = {
			isa = XCConfigurationList;
			buildConfigurations = (
				D51EA3271EA843880046AB48 /* Debug */,
				D51EA3281EA843880046AB48 /* Release */,
			);
			defaultConfigurationIsVisible = 0;
			defaultConfigurationName = Release;
		};
/* End XCConfigurationList section */
	};
	rootObject = D51EA30C1EA843880046AB48 /* Project object */;
}
